hash: 55ef38846f7f7a622ab0e9a94e92f45c0f2fb8eb5f81862c80e574d109be6b63
updated: 2017-11-22T00:57:52.068177572+09:00
imports:
- name: github.com/jen6/rabinkarp
  version: 87e9ae042851810442005046bef3d41c490b858e
- name: golang.org/x/net
  version: fe686d45ea04bc1bd4eff6a52865ce8757320325
  subpackages:
  - html
  - html/atom
testImports: []
